
Microsoft Visual Studio Solution File, Format Version 12.00
# Visual Studio Version 16
VisualStudioVersion = 16.0.29102.190
MinimumVisualStudioVersion = 10.0.40219.1
Project("{9A19103F-16F7-4668-BE54-9A1E7A4F7556}") = "ResolveMe.MathCompiler", "ResolveMe.MathExpressionParsing\ResolveMe.MathCompiler.csproj", "{24B93552-AD8D-4341-A453-2402C6FA1E8C}"
EndProject
Project("{9A19103F-16F7-4668-BE54-9A1E7A4F7556}") = "ResolveMe.UnitTests", "ResolveMe.MathExpressionParsing.UnitTests\ResolveMe.UnitTests.csproj", "{99E5A1B6-2A14-4000-87CB-9CCABFE4D3FB}"
EndProject
Project("{9A19103F-16F7-4668-BE54-9A1E7A4F7556}") = "Amy", "..\Amy\Amy\Amy.csproj", "{134198B1-DDBD-4D02-A860-6CC6A7A8C508}"
EndProject
Project("{9A19103F-16F7-4668-BE54-9A1E7A4F7556}") = "ResolveMe.MathCompiler.PerformanceAndOptimalization", "ResolveMe.MathCompiler.PerformanceAndOptimalization\ResolveMe.MathCompiler.PerformanceAndOptimalization.csproj", "{EB8AFDCD-CEE1-4DC2-B114-90725D8EB93C}"
EndProject
Project("{9A19103F-16F7-4668-BE54-9A1E7A4F7556}") = "ResolveMe.MathInterpreter", "ResolveMe.MathInterpreter\ResolveMe.MathInterpreter.csproj", "{250DEA32-AA19-4966-B8DC-01458B637B44}"
EndProject
Global
	GlobalSection(SolutionConfigurationPlatforms) = preSolution
		Debug|Any CPU = Debug|Any CPU
		Release|Any CPU = Release|Any CPU
	EndGlobalSection
	GlobalSection(ProjectConfigurationPlatforms) = postSolution
		{24B93552-AD8D-4341-A453-2402C6FA1E8C}.Debug|Any CPU.ActiveCfg = Debug|Any CPU
		{24B93552-AD8D-4341-A453-2402C6FA1E8C}.Debug|Any CPU.Build.0 = Debug|Any CPU
		{24B93552-AD8D-4341-A453-2402C6FA1E8C}.Release|Any CPU.ActiveCfg = Release|Any CPU
		{24B93552-AD8D-4341-A453-2402C6FA1E8C}.Release|Any CPU.Build.0 = Release|Any CPU
		{99E5A1B6-2A14-4000-87CB-9CCABFE4D3FB}.Debug|Any CPU.ActiveCfg = Debug|Any CPU
		{99E5A1B6-2A14-4000-87CB-9CCABFE4D3FB}.Debug|Any CPU.Build.0 = Debug|Any CPU
		{99E5A1B6-2A14-4000-87CB-9CCABFE4D3FB}.Release|Any CPU.ActiveCfg = Release|Any CPU
		{99E5A1B6-2A14-4000-87CB-9CCABFE4D3FB}.Release|Any CPU.Build.0 = Release|Any CPU
		{134198B1-DDBD-4D02-A860-6CC6A7A8C508}.Debug|Any CPU.ActiveCfg = Debug|Any CPU
		{134198B1-DDBD-4D02-A860-6CC6A7A8C508}.Debug|Any CPU.Build.0 = Debug|Any CPU
		{134198B1-DDBD-4D02-A860-6CC6A7A8C508}.Release|Any CPU.ActiveCfg = Release|Any CPU
		{134198B1-DDBD-4D02-A860-6CC6A7A8C508}.Release|Any CPU.Build.0 = Release|Any CPU
		{EB8AFDCD-CEE1-4DC2-B114-90725D8EB93C}.Debug|Any CPU.ActiveCfg = Debug|Any CPU
		{EB8AFDCD-CEE1-4DC2-B114-90725D8EB93C}.Debug|Any CPU.Build.0 = Debug|Any CPU
		{EB8AFDCD-CEE1-4DC2-B114-90725D8EB93C}.Release|Any CPU.ActiveCfg = Release|Any CPU
		{EB8AFDCD-CEE1-4DC2-B114-90725D8EB93C}.Release|Any CPU.Build.0 = Release|Any CPU
		{250DEA32-AA19-4966-B8DC-01458B637B44}.Debug|Any CPU.ActiveCfg = Debug|Any CPU
		{250DEA32-AA19-4966-B8DC-01458B637B44}.Debug|Any CPU.Build.0 = Debug|Any CPU
		{250DEA32-AA19-4966-B8DC-01458B637B44}.Release|Any CPU.ActiveCfg = Release|Any CPU
		{250DEA32-AA19-4966-B8DC-01458B637B44}.Release|Any CPU.Build.0 = Release|Any CPU
	EndGlobalSection
	GlobalSection(SolutionProperties) = preSolution
		HideSolutionNode = FALSE
	EndGlobalSection
	GlobalSection(ExtensibilityGlobals) = postSolution
		SolutionGuid = {CA7081CA-4B13-422F-AA98-F7800117B77C}
	EndGlobalSection
EndGlobal
