
Microsoft Visual Studio Solution File, Format Version 12.00
# Visual Studio Version 16
VisualStudioVersion = 16.0.29102.190
MinimumVisualStudioVersion = 10.0.40219.1
Project("{9A19103F-16F7-4668-BE54-9A1E7A4F7556}") = "Parser", "Parser\Parser.csproj", "{9C5D923B-98CD-4208-81E5-D55A926D91CE}"
EndProject
Project("{9A19103F-16F7-4668-BE54-9A1E7A4F7556}") = "IEvaluator", "IEvaluator\IEvaluator.csproj", "{18683BCE-6279-455F-A4DD-8D28E519F00A}"
EndProject
Project("{9A19103F-16F7-4668-BE54-9A1E7A4F7556}") = "NumberEvaluator", "NumberEvaluator\NumberEvaluator.csproj", "{D4497FA8-8AAE-413E-AA1D-509636695C33}"
EndProject
Project("{9A19103F-16F7-4668-BE54-9A1E7A4F7556}") = "PictureEvaluator", "PictureEvaluator\PictureEvaluator.csproj", "{F1A5DBDE-E103-40A9-A665-B5A35DA09A58}"
EndProject
Project("{FAE04EC0-301F-11D3-BF4B-00C04F79EFBC}") = "EvaluationDataContract", "EvaluationDataContract\EvaluationDataContract.csproj", "{1809BECF-C53A-4C33-8557-C396805C66D1}"
EndProject
Project("{FAE04EC0-301F-11D3-BF4B-00C04F79EFBC}") = "ParserRESTService", "ParserRESTService\ParserRESTService.csproj", "{AEBF4BD3-095F-45B3-9E31-B1530410DBF2}"
EndProject
Project("{FAE04EC0-301F-11D3-BF4B-00C04F79EFBC}") = "NumberEvaluatorRESTService", "NumberEvaluatorRESTService\NumberEvaluatorRESTService.csproj", "{68D785B5-5478-4F02-8992-01B81BAA25DA}"
EndProject
Global
	GlobalSection(SolutionConfigurationPlatforms) = preSolution
		Debug|Any CPU = Debug|Any CPU
		Release|Any CPU = Release|Any CPU
	EndGlobalSection
	GlobalSection(ProjectConfigurationPlatforms) = postSolution
		{9C5D923B-98CD-4208-81E5-D55A926D91CE}.Debug|Any CPU.ActiveCfg = Debug|Any CPU
		{9C5D923B-98CD-4208-81E5-D55A926D91CE}.Debug|Any CPU.Build.0 = Debug|Any CPU
		{9C5D923B-98CD-4208-81E5-D55A926D91CE}.Release|Any CPU.ActiveCfg = Release|Any CPU
		{9C5D923B-98CD-4208-81E5-D55A926D91CE}.Release|Any CPU.Build.0 = Release|Any CPU
		{18683BCE-6279-455F-A4DD-8D28E519F00A}.Debug|Any CPU.ActiveCfg = Debug|Any CPU
		{18683BCE-6279-455F-A4DD-8D28E519F00A}.Debug|Any CPU.Build.0 = Debug|Any CPU
		{18683BCE-6279-455F-A4DD-8D28E519F00A}.Release|Any CPU.ActiveCfg = Release|Any CPU
		{18683BCE-6279-455F-A4DD-8D28E519F00A}.Release|Any CPU.Build.0 = Release|Any CPU
		{D4497FA8-8AAE-413E-AA1D-509636695C33}.Debug|Any CPU.ActiveCfg = Debug|Any CPU
		{D4497FA8-8AAE-413E-AA1D-509636695C33}.Debug|Any CPU.Build.0 = Debug|Any CPU
		{D4497FA8-8AAE-413E-AA1D-509636695C33}.Release|Any CPU.ActiveCfg = Release|Any CPU
		{D4497FA8-8AAE-413E-AA1D-509636695C33}.Release|Any CPU.Build.0 = Release|Any CPU
		{F1A5DBDE-E103-40A9-A665-B5A35DA09A58}.Debug|Any CPU.ActiveCfg = Debug|Any CPU
		{F1A5DBDE-E103-40A9-A665-B5A35DA09A58}.Debug|Any CPU.Build.0 = Debug|Any CPU
		{F1A5DBDE-E103-40A9-A665-B5A35DA09A58}.Release|Any CPU.ActiveCfg = Release|Any CPU
		{F1A5DBDE-E103-40A9-A665-B5A35DA09A58}.Release|Any CPU.Build.0 = Release|Any CPU
		{1809BECF-C53A-4C33-8557-C396805C66D1}.Debug|Any CPU.ActiveCfg = Debug|Any CPU
		{1809BECF-C53A-4C33-8557-C396805C66D1}.Debug|Any CPU.Build.0 = Debug|Any CPU
		{1809BECF-C53A-4C33-8557-C396805C66D1}.Release|Any CPU.ActiveCfg = Release|Any CPU
		{1809BECF-C53A-4C33-8557-C396805C66D1}.Release|Any CPU.Build.0 = Release|Any CPU
		{AEBF4BD3-095F-45B3-9E31-B1530410DBF2}.Debug|Any CPU.ActiveCfg = Debug|Any CPU
		{AEBF4BD3-095F-45B3-9E31-B1530410DBF2}.Debug|Any CPU.Build.0 = Debug|Any CPU
		{AEBF4BD3-095F-45B3-9E31-B1530410DBF2}.Release|Any CPU.ActiveCfg = Release|Any CPU
		{AEBF4BD3-095F-45B3-9E31-B1530410DBF2}.Release|Any CPU.Build.0 = Release|Any CPU
		{68D785B5-5478-4F02-8992-01B81BAA25DA}.Debug|Any CPU.ActiveCfg = Debug|Any CPU
		{68D785B5-5478-4F02-8992-01B81BAA25DA}.Debug|Any CPU.Build.0 = Debug|Any CPU
		{68D785B5-5478-4F02-8992-01B81BAA25DA}.Release|Any CPU.ActiveCfg = Release|Any CPU
		{68D785B5-5478-4F02-8992-01B81BAA25DA}.Release|Any CPU.Build.0 = Release|Any CPU
	EndGlobalSection
	GlobalSection(SolutionProperties) = preSolution
		HideSolutionNode = FALSE
	EndGlobalSection
	GlobalSection(ExtensibilityGlobals) = postSolution
		SolutionGuid = {CA7081CA-4B13-422F-AA98-F7800117B77C}
	EndGlobalSection
EndGlobal
